{
  "name": "lagom-game-template",
  "version": "0.1.0",
  "lockfileVersion": 3,
  "requires": true,
  "packages": {
    "": {
      "name": "lagom-game-template",
      "version": "0.1.0",
      "dependencies": {
        "lagom-engine": "1.0.0"
      },
      "devDependencies": {
        "typescript": "^5.0.2",
        "vite": "^4.4.5"
      }
    },
    "node_modules/@esbuild/win32-x64": {
      "version": "0.18.20",
      "cpu": [
        "x64"
      ],
      "dev": true,
      "license": "MIT",
      "optional": true,
      "os": [
        "win32"
      ],
      "engines": {
        "node": ">=12"
      }
    },
    "node_modules/@pixi/accessibility": {
      "version": "6.5.10",
      "license": "MIT",
      "peerDependencies": {
        "@pixi/core": "6.5.10",
        "@pixi/display": "6.5.10",
        "@pixi/utils": "6.5.10"
      }
    },
    "node_modules/@pixi/app": {
      "version": "6.5.10",
      "license": "MIT",
      "peerDependencies": {
        "@pixi/core": "6.5.10",
        "@pixi/display": "6.5.10",
        "@pixi/math": "6.5.10",
        "@pixi/utils": "6.5.10"
      }
    },
    "node_modules/@pixi/compressed-textures": {
      "version": "6.5.10",
      "license": "MIT",
      "peerDependencies": {
        "@pixi/constants": "6.5.10",
        "@pixi/core": "6.5.10",
        "@pixi/loaders": "6.5.10",
        "@pixi/settings": "6.5.10",
        "@pixi/utils": "6.5.10"
      }
    },
    "node_modules/@pixi/constants": {
      "version": "6.5.10",
      "license": "MIT"
    },
    "node_modules/@pixi/core": {
      "version": "6.5.10",
      "license": "MIT",
      "dependencies": {
        "@types/offscreencanvas": "^2019.6.4"
      },
      "funding": {
        "type": "opencollective",
        "url": "https://opencollective.com/pixijs"
      },
      "peerDependencies": {
        "@pixi/constants": "6.5.10",
        "@pixi/extensions": "6.5.10",
        "@pixi/math": "6.5.10",
        "@pixi/runner": "6.5.10",
        "@pixi/settings": "6.5.10",
        "@pixi/ticker": "6.5.10",
        "@pixi/utils": "6.5.10"
      }
    },
    "node_modules/@pixi/display": {
      "version": "6.5.10",
      "license": "MIT",
      "peerDependencies": {
        "@pixi/constants": "6.5.10",
        "@pixi/math": "6.5.10",
        "@pixi/settings": "6.5.10",
        "@pixi/utils": "6.5.10"
      }
    },
    "node_modules/@pixi/extensions": {
      "version": "6.5.10",
      "license": "MIT"
    },
    "node_modules/@pixi/extract": {
      "version": "6.5.10",
      "license": "MIT",
      "peerDependencies": {
        "@pixi/constants": "6.5.10",
        "@pixi/core": "6.5.10",
        "@pixi/math": "6.5.10",
        "@pixi/utils": "6.5.10"
      }
    },
    "node_modules/@pixi/filter-alpha": {
      "version": "6.5.10",
      "license": "MIT",
      "peerDependencies": {
        "@pixi/core": "6.5.10"
      }
    },
    "node_modules/@pixi/filter-blur": {
      "version": "6.5.10",
      "license": "MIT",
      "peerDependencies": {
        "@pixi/constants": "6.5.10",
        "@pixi/core": "6.5.10",
        "@pixi/settings": "6.5.10"
      }
    },
    "node_modules/@pixi/filter-color-matrix": {
      "version": "6.5.10",
      "license": "MIT",
      "peerDependencies": {
        "@pixi/core": "6.5.10"
      }
    },
    "node_modules/@pixi/filter-displacement": {
      "version": "6.5.10",
      "license": "MIT",
      "peerDependencies": {
        "@pixi/core": "6.5.10",
        "@pixi/math": "6.5.10"
      }
    },
    "node_modules/@pixi/filter-fxaa": {
      "version": "6.5.10",
      "license": "MIT",
      "peerDependencies": {
        "@pixi/core": "6.5.10"
      }
    },
    "node_modules/@pixi/filter-noise": {
      "version": "6.5.10",
      "license": "MIT",
      "peerDependencies": {
        "@pixi/core": "6.5.10"
      }
    },
    "node_modules/@pixi/graphics": {
      "version": "6.5.10",
      "license": "MIT",
      "peerDependencies": {
        "@pixi/constants": "6.5.10",
        "@pixi/core": "6.5.10",
        "@pixi/display": "6.5.10",
        "@pixi/math": "6.5.10",
        "@pixi/sprite": "6.5.10",
        "@pixi/utils": "6.5.10"
      }
    },
    "node_modules/@pixi/interaction": {
      "version": "6.5.10",
      "license": "MIT",
      "peerDependencies": {
        "@pixi/core": "6.5.10",
        "@pixi/display": "6.5.10",
        "@pixi/math": "6.5.10",
        "@pixi/ticker": "6.5.10",
        "@pixi/utils": "6.5.10"
      }
    },
    "node_modules/@pixi/loaders": {
      "version": "6.5.10",
      "license": "MIT",
      "peerDependencies": {
        "@pixi/constants": "6.5.10",
        "@pixi/core": "6.5.10",
        "@pixi/utils": "6.5.10"
      }
    },
    "node_modules/@pixi/math": {
      "version": "6.5.10",
      "license": "MIT"
    },
    "node_modules/@pixi/mesh": {
      "version": "6.5.10",
      "license": "MIT",
      "peerDependencies": {
        "@pixi/constants": "6.5.10",
        "@pixi/core": "6.5.10",
        "@pixi/display": "6.5.10",
        "@pixi/math": "6.5.10",
        "@pixi/settings": "6.5.10",
        "@pixi/utils": "6.5.10"
      }
    },
    "node_modules/@pixi/mesh-extras": {
      "version": "6.5.10",
      "license": "MIT",
      "peerDependencies": {
        "@pixi/constants": "6.5.10",
        "@pixi/core": "6.5.10",
        "@pixi/math": "6.5.10",
        "@pixi/mesh": "6.5.10",
        "@pixi/utils": "6.5.10"
      }
    },
    "node_modules/@pixi/mixin-cache-as-bitmap": {
      "version": "6.5.10",
      "license": "MIT",
      "peerDependencies": {
        "@pixi/constants": "6.5.10",
        "@pixi/core": "6.5.10",
        "@pixi/display": "6.5.10",
        "@pixi/math": "6.5.10",
        "@pixi/settings": "6.5.10",
        "@pixi/sprite": "6.5.10",
        "@pixi/utils": "6.5.10"
      }
    },
    "node_modules/@pixi/mixin-get-child-by-name": {
      "version": "6.5.10",
      "license": "MIT",
      "peerDependencies": {
        "@pixi/display": "6.5.10"
      }
    },
    "node_modules/@pixi/mixin-get-global-position": {
      "version": "6.5.10",
      "license": "MIT",
      "peerDependencies": {
        "@pixi/display": "6.5.10",
        "@pixi/math": "6.5.10"
      }
    },
    "node_modules/@pixi/particle-container": {
      "version": "6.5.10",
      "license": "MIT",
      "peerDependencies": {
        "@pixi/constants": "6.5.10",
        "@pixi/core": "6.5.10",
        "@pixi/display": "6.5.10",
        "@pixi/math": "6.5.10",
        "@pixi/sprite": "6.5.10",
        "@pixi/utils": "6.5.10"
      }
    },
    "node_modules/@pixi/polyfill": {
      "version": "6.5.10",
      "license": "MIT",
      "dependencies": {
        "object-assign": "^4.1.1",
        "promise-polyfill": "^8.2.0"
      }
    },
    "node_modules/@pixi/prepare": {
      "version": "6.5.10",
      "license": "MIT",
      "peerDependencies": {
        "@pixi/core": "6.5.10",
        "@pixi/display": "6.5.10",
        "@pixi/graphics": "6.5.10",
        "@pixi/settings": "6.5.10",
        "@pixi/text": "6.5.10",
        "@pixi/ticker": "6.5.10",
        "@pixi/utils": "6.5.10"
      }
    },
    "node_modules/@pixi/runner": {
      "version": "6.5.10",
      "license": "MIT"
    },
    "node_modules/@pixi/settings": {
      "version": "6.5.10",
      "license": "MIT",
      "peerDependencies": {
        "@pixi/constants": "6.5.10"
      }
    },
    "node_modules/@pixi/sprite": {
      "version": "6.5.10",
      "license": "MIT",
      "peerDependencies": {
        "@pixi/constants": "6.5.10",
        "@pixi/core": "6.5.10",
        "@pixi/display": "6.5.10",
        "@pixi/math": "6.5.10",
        "@pixi/settings": "6.5.10",
        "@pixi/utils": "6.5.10"
      }
    },
    "node_modules/@pixi/sprite-animated": {
      "version": "6.5.10",
      "license": "MIT",
      "peerDependencies": {
        "@pixi/core": "6.5.10",
        "@pixi/sprite": "6.5.10",
        "@pixi/ticker": "6.5.10"
      }
    },
    "node_modules/@pixi/sprite-tiling": {
      "version": "6.5.10",
      "license": "MIT",
      "peerDependencies": {
        "@pixi/constants": "6.5.10",
        "@pixi/core": "6.5.10",
        "@pixi/display": "6.5.10",
        "@pixi/math": "6.5.10",
        "@pixi/sprite": "6.5.10",
        "@pixi/utils": "6.5.10"
      }
    },
    "node_modules/@pixi/spritesheet": {
      "version": "6.5.10",
      "license": "MIT",
      "peerDependencies": {
        "@pixi/core": "6.5.10",
        "@pixi/loaders": "6.5.10",
        "@pixi/math": "6.5.10",
        "@pixi/utils": "6.5.10"
      }
    },
    "node_modules/@pixi/text": {
      "version": "6.5.10",
      "license": "MIT",
      "peerDependencies": {
        "@pixi/core": "6.5.10",
        "@pixi/math": "6.5.10",
        "@pixi/settings": "6.5.10",
        "@pixi/sprite": "6.5.10",
        "@pixi/utils": "6.5.10"
      }
    },
    "node_modules/@pixi/text-bitmap": {
      "version": "6.5.10",
      "license": "MIT",
      "peerDependencies": {
        "@pixi/constants": "6.5.10",
        "@pixi/core": "6.5.10",
        "@pixi/display": "6.5.10",
        "@pixi/loaders": "6.5.10",
        "@pixi/math": "6.5.10",
        "@pixi/mesh": "6.5.10",
        "@pixi/settings": "6.5.10",
        "@pixi/text": "6.5.10",
        "@pixi/utils": "6.5.10"
      }
    },
    "node_modules/@pixi/ticker": {
      "version": "6.5.10",
      "license": "MIT",
      "peerDependencies": {
        "@pixi/extensions": "6.5.10",
        "@pixi/settings": "6.5.10"
      }
    },
    "node_modules/@pixi/utils": {
      "version": "6.5.10",
      "license": "MIT",
      "dependencies": {
        "@types/earcut": "^2.1.0",
        "earcut": "^2.2.4",
        "eventemitter3": "^3.1.0",
        "url": "^0.11.0"
      },
      "peerDependencies": {
        "@pixi/constants": "6.5.10",
        "@pixi/settings": "6.5.10"
      }
    },
    "node_modules/@types/earcut": {
      "version": "2.1.2",
      "license": "MIT"
    },
    "node_modules/@types/offscreencanvas": {
      "version": "2019.7.1",
      "license": "MIT"
    },
    "node_modules/call-bind": {
      "version": "1.0.2",
      "license": "MIT",
      "dependencies": {
        "function-bind": "^1.1.1",
        "get-intrinsic": "^1.0.2"
      },
      "funding": {
        "url": "https://github.com/sponsors/ljharb"
      }
    },
    "node_modules/detect-collisions": {
      "version": "2.7.0",
      "license": "MIT"
    },
    "node_modules/earcut": {
      "version": "2.2.4",
      "license": "ISC"
    },
    "node_modules/esbuild": {
      "version": "0.18.20",
      "dev": true,
      "hasInstallScript": true,
      "license": "MIT",
      "bin": {
        "esbuild": "bin/esbuild"
      },
      "engines": {
        "node": ">=12"
      },
      "optionalDependencies": {
        "@esbuild/android-arm": "0.18.20",
        "@esbuild/android-arm64": "0.18.20",
        "@esbuild/android-x64": "0.18.20",
        "@esbuild/darwin-arm64": "0.18.20",
        "@esbuild/darwin-x64": "0.18.20",
        "@esbuild/freebsd-arm64": "0.18.20",
        "@esbuild/freebsd-x64": "0.18.20",
        "@esbuild/linux-arm": "0.18.20",
        "@esbuild/linux-arm64": "0.18.20",
        "@esbuild/linux-ia32": "0.18.20",
        "@esbuild/linux-loong64": "0.18.20",
        "@esbuild/linux-mips64el": "0.18.20",
        "@esbuild/linux-ppc64": "0.18.20",
        "@esbuild/linux-riscv64": "0.18.20",
        "@esbuild/linux-s390x": "0.18.20",
        "@esbuild/linux-x64": "0.18.20",
        "@esbuild/netbsd-x64": "0.18.20",
        "@esbuild/openbsd-x64": "0.18.20",
        "@esbuild/sunos-x64": "0.18.20",
        "@esbuild/win32-arm64": "0.18.20",
        "@esbuild/win32-ia32": "0.18.20",
        "@esbuild/win32-x64": "0.18.20"
      }
    },
    "node_modules/eventemitter3": {
      "version": "3.1.2",
      "license": "MIT"
    },
    "node_modules/function-bind": {
      "version": "1.1.1",
      "license": "MIT"
    },
    "node_modules/get-intrinsic": {
      "version": "1.2.1",
      "license": "MIT",
      "dependencies": {
        "function-bind": "^1.1.1",
        "has": "^1.0.3",
        "has-proto": "^1.0.1",
        "has-symbols": "^1.0.3"
      },
      "funding": {
        "url": "https://github.com/sponsors/ljharb"
      }
    },
    "node_modules/has": {
      "version": "1.0.3",
      "license": "MIT",
      "dependencies": {
        "function-bind": "^1.1.1"
      },
      "engines": {
        "node": ">= 0.4.0"
      }
    },
    "node_modules/has-proto": {
      "version": "1.0.1",
      "license": "MIT",
      "engines": {
        "node": ">= 0.4"
      },
      "funding": {
        "url": "https://github.com/sponsors/ljharb"
      }
    },
    "node_modules/has-symbols": {
      "version": "1.0.3",
      "license": "MIT",
      "engines": {
        "node": ">= 0.4"
      },
      "funding": {
        "url": "https://github.com/sponsors/ljharb"
      }
    },
    "node_modules/howler": {
      "version": "2.2.4",
      "license": "MIT"
    },
    "node_modules/js-tokens": {
      "version": "4.0.0",
      "license": "MIT",
      "peer": true
    },
    "node_modules/lagom-engine": {
      "version": "1.0.0",
      "license": "MIT",
      "dependencies": {
        "detect-collisions": "^2.6.0",
        "howler": "^2.2.3",
        "pixi.js": "^6.3.0"
      },
      "engines": {
        "node": ">=10"
      },
      "peerDependencies": {
        "react": "^17.0.0"
      }
    },
    "node_modules/loose-envify": {
      "version": "1.4.0",
      "license": "MIT",
      "peer": true,
      "dependencies": {
        "js-tokens": "^3.0.0 || ^4.0.0"
      },
      "bin": {
        "loose-envify": "cli.js"
      }
    },
    "node_modules/nanoid": {
      "version": "3.3.6",
      "dev": true,
      "funding": [
        {
          "type": "github",
          "url": "https://github.com/sponsors/ai"
        }
      ],
      "license": "MIT",
      "bin": {
        "nanoid": "bin/nanoid.cjs"
      },
      "engines": {
        "node": "^10 || ^12 || ^13.7 || ^14 || >=15.0.1"
      }
    },
    "node_modules/object-assign": {
      "version": "4.1.1",
      "license": "MIT",
      "engines": {
        "node": ">=0.10.0"
      }
    },
    "node_modules/object-inspect": {
      "version": "1.12.3",
      "license": "MIT",
      "funding": {
        "url": "https://github.com/sponsors/ljharb"
      }
    },
    "node_modules/picocolors": {
      "version": "1.0.0",
      "dev": true,
      "license": "ISC"
    },
    "node_modules/pixi.js": {
      "version": "6.5.10",
      "license": "MIT",
      "dependencies": {
        "@pixi/accessibility": "6.5.10",
        "@pixi/app": "6.5.10",
        "@pixi/compressed-textures": "6.5.10",
        "@pixi/constants": "6.5.10",
        "@pixi/core": "6.5.10",
        "@pixi/display": "6.5.10",
        "@pixi/extensions": "6.5.10",
        "@pixi/extract": "6.5.10",
        "@pixi/filter-alpha": "6.5.10",
        "@pixi/filter-blur": "6.5.10",
        "@pixi/filter-color-matrix": "6.5.10",
        "@pixi/filter-displacement": "6.5.10",
        "@pixi/filter-fxaa": "6.5.10",
        "@pixi/filter-noise": "6.5.10",
        "@pixi/graphics": "6.5.10",
        "@pixi/interaction": "6.5.10",
        "@pixi/loaders": "6.5.10",
        "@pixi/math": "6.5.10",
        "@pixi/mesh": "6.5.10",
        "@pixi/mesh-extras": "6.5.10",
        "@pixi/mixin-cache-as-bitmap": "6.5.10",
        "@pixi/mixin-get-child-by-name": "6.5.10",
        "@pixi/mixin-get-global-position": "6.5.10",
        "@pixi/particle-container": "6.5.10",
        "@pixi/polyfill": "6.5.10",
        "@pixi/prepare": "6.5.10",
        "@pixi/runner": "6.5.10",
        "@pixi/settings": "6.5.10",
        "@pixi/sprite": "6.5.10",
        "@pixi/sprite-animated": "6.5.10",
        "@pixi/sprite-tiling": "6.5.10",
        "@pixi/spritesheet": "6.5.10",
        "@pixi/text": "6.5.10",
        "@pixi/text-bitmap": "6.5.10",
        "@pixi/ticker": "6.5.10",
        "@pixi/utils": "6.5.10"
      },
      "funding": {
        "type": "opencollective",
        "url": "https://opencollective.com/pixijs"
      }
    },
    "node_modules/postcss": {
      "version": "8.4.31",
      "dev": true,
      "funding": [
        {
          "type": "opencollective",
          "url": "https://opencollective.com/postcss/"
        },
        {
          "type": "tidelift",
          "url": "https://tidelift.com/funding/github/npm/postcss"
        },
        {
          "type": "github",
          "url": "https://github.com/sponsors/ai"
        }
      ],
      "license": "MIT",
      "dependencies": {
        "nanoid": "^3.3.6",
        "picocolors": "^1.0.0",
        "source-map-js": "^1.0.2"
      },
      "engines": {
        "node": "^10 || ^12 || >=14"
      }
    },
    "node_modules/promise-polyfill": {
      "version": "8.3.0",
      "license": "MIT"
    },
    "node_modules/punycode": {
      "version": "1.4.1",
      "license": "MIT"
    },
    "node_modules/qs": {
      "version": "6.11.2",
      "license": "BSD-3-Clause",
      "dependencies": {
        "side-channel": "^1.0.4"
      },
      "engines": {
        "node": ">=0.6"
      },
      "funding": {
        "url": "https://github.com/sponsors/ljharb"
      }
    },
    "node_modules/react": {
      "version": "17.0.2",
      "license": "MIT",
      "peer": true,
      "dependencies": {
        "loose-envify": "^1.1.0",
        "object-assign": "^4.1.1"
      },
      "engines": {
        "node": ">=0.10.0"
      }
    },
    "node_modules/rollup": {
      "version": "3.29.4",
      "dev": true,
      "license": "MIT",
      "bin": {
        "rollup": "dist/bin/rollup"
      },
      "engines": {
        "node": ">=14.18.0",
        "npm": ">=8.0.0"
      },
      "optionalDependencies": {
        "fsevents": "~2.3.2"
      }
    },
    "node_modules/side-channel": {
      "version": "1.0.4",
      "license": "MIT",
      "dependencies": {
        "call-bind": "^1.0.0",
        "get-intrinsic": "^1.0.2",
        "object-inspect": "^1.9.0"
      },
      "funding": {
        "url": "https://github.com/sponsors/ljharb"
      }
    },
    "node_modules/source-map-js": {
      "version": "1.0.2",
      "dev": true,
      "license": "BSD-3-Clause",
      "engines": {
        "node": ">=0.10.0"
      }
    },
    "node_modules/typescript": {
      "version": "5.2.2",
      "dev": true,
      "license": "Apache-2.0",
      "bin": {
        "tsc": "bin/tsc",
        "tsserver": "bin/tsserver"
      },
      "engines": {
        "node": ">=14.17"
      }
    },
    "node_modules/url": {
      "version": "0.11.3",
      "license": "MIT",
      "dependencies": {
        "punycode": "^1.4.1",
        "qs": "^6.11.2"
      }
    },
    "node_modules/vite": {
      "version": "4.4.9",
      "dev": true,
      "license": "MIT",
      "dependencies": {
        "esbuild": "^0.18.10",
        "postcss": "^8.4.27",
        "rollup": "^3.27.1"
      },
      "bin": {
        "vite": "bin/vite.js"
      },
      "engines": {
        "node": "^14.18.0 || >=16.0.0"
      },
      "funding": {
        "url": "https://github.com/vitejs/vite?sponsor=1"
      },
      "optionalDependencies": {
        "fsevents": "~2.3.2"
      },
      "peerDependencies": {
        "@types/node": ">= 14",
        "less": "*",
        "lightningcss": "^1.21.0",
        "sass": "*",
        "stylus": "*",
        "sugarss": "*",
        "terser": "^5.4.0"
      },
      "peerDependenciesMeta": {
        "@types/node": {
          "optional": true
        },
        "less": {
          "optional": true
        },
        "lightningcss": {
          "optional": true
        },
        "sass": {
          "optional": true
        },
        "stylus": {
          "optional": true
        },
        "sugarss": {
          "optional": true
        },
        "terser": {
          "optional": true
        }
      }
    }
  }
}
